github.com/davecgh/go-spew v1.1.0 h1:ZDRjVQ15GmhC3fiQ8ni8+OwkZQO4DARzQgrnXU1Liz8=
github.com/davecgh/go-spew v1.1.0/go.mod h1:J7Y8YcW2NihsgmVo/mv3lAwl/skON4iLHjSsI+c5H38=
github.com/drud/build-tools v1.5.5 h1:orXHnOAAKZ4uQgSYpjGTugzctfJhaXBD5aiPeXq8cIU=
github.com/lextoumbourou/goodhosts v2.1.0+incompatible h1:1U1p5Z1wrXl23/fW/GY4zdTbQ8UJbyvrkPbqAZ6tzbw=
github.com/lextoumbourou/goodhosts v2.1.0+incompatible/go.mod h1:89s48k108X3gKDWn8AHk3gUzUGTcMZCCAOsE4QU1bbo=
github.com/pmezard/go-difflib v1.0.0 h1:4DBwDE0NGyQoBHbLQYPwSUPoCMWR5BEzIk/f1lZbAQM=
github.com/pmezard/go-difflib v1.0.0/go.mod h1:iKH77koFhYxTK1pcRnkKkqfTogsbg7gZNVY4sRDYZ/4=
github.com/stretchr/testify v0.0.0-20170130113145-4d4bfba8f1d1 h1:Zx8Rp9ozC4FPFxfEKRSUu8+Ay3sZxEUZ7JrCWMbGgvE=
github.com/stretchr/testify v0.0.0-20170130113145-4d4bfba8f1d1/go.mod h1:a8OnRcib4nhh0OaRAV+Yts87kKdq0PP7pXfy6kDkUVs=
